
Microsoft Visual Studio Solution File, Format Version 12.00
# Visual Studio 2013
VisualStudioVersion = 12.0.31101.0
MinimumVisualStudioVersion = 10.0.40219.1
Project("{8BC9CEB8-8B4A-11D0-8D11-00A0C91BC942}") = "bitString", "bitString\bitString.vcxproj", "{F01D748D-3825-40A9-B188-A9AC6F747EF8}"
EndProject
Project("{8BC9CEB8-8B4A-11D0-8D11-00A0C91BC942}") = "bitStringTests", "bitStringTests\bitStringTests.vcxproj", "{2E8EF3BA-AFC5-493E-9585-AC48B6D00C30}"
EndProject
Global
	GlobalSection(SolutionConfigurationPlatforms) = preSolution
		Debug|Win32 = Debug|Win32
		Release|Win32 = Release|Win32
	EndGlobalSection
	GlobalSection(ProjectConfigurationPlatforms) = postSolution
		{F01D748D-3825-40A9-B188-A9AC6F747EF8}.Debug|Win32.ActiveCfg = Debug|Win32
		{F01D748D-3825-40A9-B188-A9AC6F747EF8}.Debug|Win32.Build.0 = Debug|Win32
		{F01D748D-3825-40A9-B188-A9AC6F747EF8}.Release|Win32.ActiveCfg = Release|Win32
		{F01D748D-3825-40A9-B188-A9AC6F747EF8}.Release|Win32.Build.0 = Release|Win32
		{2E8EF3BA-AFC5-493E-9585-AC48B6D00C30}.Debug|Win32.ActiveCfg = Debug|Win32
		{2E8EF3BA-AFC5-493E-9585-AC48B6D00C30}.Debug|Win32.Build.0 = Debug|Win32
		{2E8EF3BA-AFC5-493E-9585-AC48B6D00C30}.Release|Win32.ActiveCfg = Release|Win32
		{2E8EF3BA-AFC5-493E-9585-AC48B6D00C30}.Release|Win32.Build.0 = Release|Win32
	EndGlobalSection
	GlobalSection(SolutionProperties) = preSolution
		HideSolutionNode = FALSE
	EndGlobalSection
EndGlobal
